// !$*UTF8*$!
{
	archiveVersion = 1;
	classes = {
	};
	objectVersion = 56;
	objects = {

/* Begin PBXBuildFile section */
		B5E924E62EA6CEBB00E04BB3 /* NarrationAPI.swift in Sources */ = {isa = PBXBuildFile; fileRef = B5E924E12EA6CEBB00E04BB3 /* NarrationAPI.swift */; };
		B5E924E72EA6CEBB00E04BB3 /* CrashlyticsBridge.swift in Sources */ = {isa = PBXBuildFile; fileRef = B5E924DD2EA6CEBB00E04BB3 /* CrashlyticsBridge.swift */; };
		B5E924E82EA6CEBB00E04BB3 /* WeChatAuthBridge.swift in Sources */ = {isa = PBXBuildFile; fileRef = B5E924DF2EA6CEBB00E04BB3 /* WeChatAuthBridge.swift */; };
		B5E924E92EA6CEBB00E04BB3 /* ContentView.swift in Sources */ = {isa = PBXBuildFile; fileRef = B5E924D32EA6CEBB00E04BB3 /* ContentView.swift */; };
		B5E924EA2EA6CEBB00E04BB3 /* DesignTokens.swift in Sources */ = {isa = PBXBuildFile; fileRef = B5E924D72EA6CEBB00E04BB3 /* DesignTokens.swift */; };
		B5E924EB2EA6CEBB00E04BB3 /* TourAppLLMApp.swift in Sources */ = {isa = PBXBuildFile; fileRef = B5E924D52EA6CEBB00E04BB3 /* TourAppLLMApp.swift */; };
		B5E924EC2EA6CEBB00E04BB3 /* NarrationAnalytics.swift in Sources */ = {isa = PBXBuildFile; fileRef = B5E924D92EA6CEBB00E04BB3 /* NarrationAnalytics.swift */; };
		B5E924ED2EA6CEBB00E04BB3 /* NarrationCacheManager.swift in Sources */ = {isa = PBXBuildFile; fileRef = B5E924DB2EA6CEBB00E04BB3 /* NarrationCacheManager.swift */; };
		B5E924EE2EA6CEBB00E04BB3 /* PermissionStore.swift in Sources */ = {isa = PBXBuildFile; fileRef = B5E924E32EA6CEBB00E04BB3 /* PermissionStore.swift */; };
		B5E924EF2EA6CEBB00E04BB3 /* MetricKitMonitor.swift in Sources */ = {isa = PBXBuildFile; fileRef = B5E924DE2EA6CEBB00E04BB3 /* MetricKitMonitor.swift */; };
/* End PBXBuildFile section */

/* Begin PBXFileReference section */
		96E6E1A72BA218AA00D0C0F1 /* TourAppLLM.app */ = {isa = PBXFileReference; explicitFileType = wrapper.application; includeInIndex = 0; path = TourAppLLM.app; sourceTree = BUILT_PRODUCTS_DIR; };
		B5E924D32EA6CEBB00E04BB3 /* ContentView.swift */ = {isa = PBXFileReference; lastKnownFileType = sourcecode.swift; path = ContentView.swift; sourceTree = "<group>"; };
		B5E924D42EA6CEBB00E04BB3 /* Info.plist */ = {isa = PBXFileReference; lastKnownFileType = text.plist.xml; path = Info.plist; sourceTree = "<group>"; };
		B5E924D52EA6CEBB00E04BB3 /* TourAppLLMApp.swift */ = {isa = PBXFileReference; lastKnownFileType = sourcecode.swift; path = TourAppLLMApp.swift; sourceTree = "<group>"; };
		B5E924D72EA6CEBB00E04BB3 /* DesignTokens.swift */ = {isa = PBXFileReference; lastKnownFileType = sourcecode.swift; path = DesignTokens.swift; sourceTree = "<group>"; };
		B5E924D92EA6CEBB00E04BB3 /* NarrationAnalytics.swift */ = {isa = PBXFileReference; lastKnownFileType = sourcecode.swift; path = NarrationAnalytics.swift; sourceTree = "<group>"; };
		B5E924DB2EA6CEBB00E04BB3 /* NarrationCacheManager.swift */ = {isa = PBXFileReference; lastKnownFileType = sourcecode.swift; path = NarrationCacheManager.swift; sourceTree = "<group>"; };
		B5E924DD2EA6CEBB00E04BB3 /* CrashlyticsBridge.swift */ = {isa = PBXFileReference; lastKnownFileType = sourcecode.swift; path = CrashlyticsBridge.swift; sourceTree = "<group>"; };
		B5E924DE2EA6CEBB00E04BB3 /* MetricKitMonitor.swift */ = {isa = PBXFileReference; lastKnownFileType = sourcecode.swift; path = MetricKitMonitor.swift; sourceTree = "<group>"; };
		B5E924DF2EA6CEBB00E04BB3 /* WeChatAuthBridge.swift */ = {isa = PBXFileReference; lastKnownFileType = sourcecode.swift; path = WeChatAuthBridge.swift; sourceTree = "<group>"; };
		B5E924E12EA6CEBB00E04BB3 /* NarrationAPI.swift */ = {isa = PBXFileReference; lastKnownFileType = sourcecode.swift; path = NarrationAPI.swift; sourceTree = "<group>"; };
		B5E924E32EA6CEBB00E04BB3 /* PermissionStore.swift */ = {isa = PBXFileReference; lastKnownFileType = sourcecode.swift; path = PermissionStore.swift; sourceTree = "<group>"; };
/* End PBXFileReference section */

/* Begin PBXFrameworksBuildPhase section */
		96E6E18C2BA218AA00D0C0F1 /* Frameworks */ = {
			isa = PBXFrameworksBuildPhase;
			buildActionMask = 2147483647;
			files = (
			);
			runOnlyForDeploymentPostprocessing = 0;
		};
/* End PBXFrameworksBuildPhase section */

/* Begin PBXGroup section */
		96E6E1892BA218AA00D0C0F1 = {
			isa = PBXGroup;
			children = (
				96E6E1A62BA218AA00D0C0F1 /* Products */,
				B5E924D62EA6CEBB00E04BB3 /* App */,
				B5E924D82EA6CEBB00E04BB3 /* Resources */,
				B5E924E52EA6CEBB00E04BB3 /* Shared */,
			);
			sourceTree = "<group>";
		};
		96E6E1A62BA218AA00D0C0F1 /* Products */ = {
			isa = PBXGroup;
			children = (
				96E6E1A72BA218AA00D0C0F1 /* TourAppLLM.app */,
			);
			name = Products;
			sourceTree = "<group>";
		};
		B5E924D62EA6CEBB00E04BB3 /* App */ = {
			isa = PBXGroup;
			children = (
				B5E924D32EA6CEBB00E04BB3 /* ContentView.swift */,
				B5E924D42EA6CEBB00E04BB3 /* Info.plist */,
				B5E924D52EA6CEBB00E04BB3 /* TourAppLLMApp.swift */,
			);
			path = App;
			sourceTree = "<group>";
		};
		B5E924D82EA6CEBB00E04BB3 /* Resources */ = {
			isa = PBXGroup;
			children = (
				B5E924D72EA6CEBB00E04BB3 /* DesignTokens.swift */,
			);
			path = Resources;
			sourceTree = "<group>";
		};
		B5E924DA2EA6CEBB00E04BB3 /* Analytics */ = {
			isa = PBXGroup;
			children = (
				B5E924D92EA6CEBB00E04BB3 /* NarrationAnalytics.swift */,
			);
			path = Analytics;
			sourceTree = "<group>";
		};
		B5E924DC2EA6CEBB00E04BB3 /* Cache */ = {
			isa = PBXGroup;
			children = (
				B5E924DB2EA6CEBB00E04BB3 /* NarrationCacheManager.swift */,
			);
			path = Cache;
			sourceTree = "<group>";
		};
		B5E924E02EA6CEBB00E04BB3 /* Integrations */ = {
			isa = PBXGroup;
			children = (
				B5E924DD2EA6CEBB00E04BB3 /* CrashlyticsBridge.swift */,
				B5E924DE2EA6CEBB00E04BB3 /* MetricKitMonitor.swift */,
				B5E924DF2EA6CEBB00E04BB3 /* WeChatAuthBridge.swift */,
			);
			path = Integrations;
			sourceTree = "<group>";
		};
		B5E924E22EA6CEBB00E04BB3 /* Networking */ = {
			isa = PBXGroup;
			children = (
				B5E924E12EA6CEBB00E04BB3 /* NarrationAPI.swift */,
			);
			path = Networking;
			sourceTree = "<group>";
		};
		B5E924E42EA6CEBB00E04BB3 /* Services */ = {
			isa = PBXGroup;
			children = (
				B5E924E32EA6CEBB00E04BB3 /* PermissionStore.swift */,
			);
			path = Services;
			sourceTree = "<group>";
		};
		B5E924E52EA6CEBB00E04BB3 /* Shared */ = {
			isa = PBXGroup;
			children = (
				B5E924DA2EA6CEBB00E04BB3 /* Analytics */,
				B5E924DC2EA6CEBB00E04BB3 /* Cache */,
				B5E924E02EA6CEBB00E04BB3 /* Integrations */,
				B5E924E22EA6CEBB00E04BB3 /* Networking */,
				B5E924E42EA6CEBB00E04BB3 /* Services */,
			);
			path = Shared;
			sourceTree = "<group>";
		};
/* End PBXGroup section */

/* Begin PBXNativeTarget section */
		96E6E18A2BA218AA00D0C0F1 /* TourAppLLM */ = {
			isa = PBXNativeTarget;
			buildConfigurationList = 96E6E1AD2BA218AA00D0C0F1 /* Build configuration list for PBXNativeTarget "TourAppLLM" */;
			buildPhases = (
				96E6E18B2BA218AA00D0C0F1 /* Sources */,
				96E6E18C2BA218AA00D0C0F1 /* Frameworks */,
			);
			buildRules = (
			);
			dependencies = (
			);
			name = TourAppLLM;
			productName = TourAppLLM;
			productReference = 96E6E1A72BA218AA00D0C0F1 /* TourAppLLM.app */;
			productType = "com.apple.product-type.application";
		};
/* End PBXNativeTarget section */

/* Begin PBXProject section */
		96E6E1882BA218AA00D0C0F1 /* Project object */ = {
			isa = PBXProject;
			attributes = {
				BuildIndependentTargetsInParallel = 1;
				LastSwiftUpdateCheck = 1540;
				LastUpgradeCheck = 2600;
				ORGANIZATIONNAME = TourApp;
				TargetAttributes = {
					96E6E18A2BA218AA00D0C0F1 = {
						ProvisioningStyle = Automatic;
					};
				};
			};
			buildConfigurationList = 96E6E1AC2BA218AA00D0C0F1 /* Build configuration list for PBXProject "TourAppLLM" */;
			compatibilityVersion = "Xcode 14.0";
			developmentRegion = en;
			hasScannedForEncodings = 0;
			knownRegions = (
				en,
				Base,
			);
			mainGroup = 96E6E1892BA218AA00D0C0F1;
			productRefGroup = 96E6E1A62BA218AA00D0C0F1 /* Products */;
			projectDirPath = "";
			projectRoot = "";
			targets = (
				96E6E18A2BA218AA00D0C0F1 /* TourAppLLM */,
			);
		};
/* End PBXProject section */

/* Begin PBXSourcesBuildPhase section */
		96E6E18B2BA218AA00D0C0F1 /* Sources */ = {
			isa = PBXSourcesBuildPhase;
			buildActionMask = 2147483647;
			files = (
				B5E924E62EA6CEBB00E04BB3 /* NarrationAPI.swift in Sources */,
				B5E924E72EA6CEBB00E04BB3 /* CrashlyticsBridge.swift in Sources */,
				B5E924E82EA6CEBB00E04BB3 /* WeChatAuthBridge.swift in Sources */,
				B5E924E92EA6CEBB00E04BB3 /* ContentView.swift in Sources */,
				B5E924EA2EA6CEBB00E04BB3 /* DesignTokens.swift in Sources */,
				B5E924EB2EA6CEBB00E04BB3 /* TourAppLLMApp.swift in Sources */,
				B5E924EC2EA6CEBB00E04BB3 /* NarrationAnalytics.swift in Sources */,
				B5E924ED2EA6CEBB00E04BB3 /* NarrationCacheManager.swift in Sources */,
				B5E924EE2EA6CEBB00E04BB3 /* PermissionStore.swift in Sources */,
				B5E924EF2EA6CEBB00E04BB3 /* MetricKitMonitor.swift in Sources */,
			);
			runOnlyForDeploymentPostprocessing = 0;
		};
/* End PBXSourcesBuildPhase section */

/* Begin XCBuildConfiguration section */
		96E6E1A82BA218AA00D0C0F1 /* Debug */ = {
			isa = XCBuildConfiguration;
			buildSettings = {
				ALWAYS_SEARCH_USER_PATHS = NO;
				CLANG_ANALYZER_NONNULL = YES;
				CLANG_ANALYZER_NUMBER_OBJECT_CONVERSION = YES_AGGRESSIVE;
				CLANG_CXX_LANGUAGE_STANDARD = "gnu++17";
				CLANG_ENABLE_MODULES = YES;
				CLANG_ENABLE_OBJC_ARC = YES;
				CLANG_ENABLE_OBJC_WEAK = YES;
				CLANG_WARN_BLOCK_CAPTURE_AUTORELEASING = YES;
				CLANG_WARN_BOOL_CONVERSION = YES;
				CLANG_WARN_COMMA = YES;
				CLANG_WARN_CONSTANT_CONVERSION = YES;
				CLANG_WARN_DEPRECATED_OBJC_IMPLEMENTATIONS = YES;
				CLANG_WARN_DOCUMENTATION_COMMENTS = YES;
				CLANG_WARN_EMPTY_BODY = YES;
				CLANG_WARN_ENUM_CONVERSION = YES;
				CLANG_WARN_INFINITE_RECURSION = YES;
				CLANG_WARN_INT_CONVERSION = YES;
				CLANG_WARN_NON_LITERAL_NULL_CONVERSION = YES;
				CLANG_WARN_OBJC_IMPLICIT_RETAIN_SELF = YES;
				CLANG_WARN_OBJC_LITERAL_CONVERSION = YES;
				CLANG_WARN_QUOTED_INCLUDE_IN_FRAMEWORK_HEADER = YES;
				CLANG_WARN_RANGE_LOOP_ANALYSIS = YES;
				CLANG_WARN_STRICT_PROTOTYPES = YES;
				CLANG_WARN_SUSPICIOUS_MOVE = YES;
				CLANG_WARN_UNREACHABLE_CODE = YES;
				CLANG_WARN__DUPLICATE_METHOD_MATCH = YES;
				COPY_PHASE_STRIP = NO;
				DEBUG_INFORMATION_FORMAT = dwarf;
				DEVELOPMENT_TEAM = W6VZKYAWJP;
				ENABLE_STRICT_OBJC_MSGSEND = YES;
				ENABLE_TESTABILITY = YES;
				ENABLE_USER_SCRIPT_SANDBOXING = YES;
				GCC_C_LANGUAGE_STANDARD = gnu11;
				GCC_DYNAMIC_NO_PIC = NO;
				GCC_NO_COMMON_BLOCKS = YES;
				GCC_OPTIMIZATION_LEVEL = 0;
				GCC_PREPROCESSOR_DEFINITIONS = (
					"DEBUG=1",
					"$(inherited)",
				);
				GCC_WARN_64_TO_32_BIT_CONVERSION = YES;
				GCC_WARN_ABOUT_RETURN_TYPE = YES_ERROR;
				GCC_WARN_UNDECLARED_SELECTOR = YES;
				GCC_WARN_UNINITIALIZED_AUTOS = YES_AGGRESSIVE;
				GCC_WARN_UNUSED_FUNCTION = YES;
				GCC_WARN_UNUSED_VARIABLE = YES;
				IPHONEOS_DEPLOYMENT_TARGET = 18.1;
				MTL_ENABLE_DEBUG_INFO = INCLUDE_SOURCE;
				MTL_FAST_MATH = YES;
				ONLY_ACTIVE_ARCH = YES;
				SDKROOT = iphoneos;
				STRING_CATALOG_GENERATE_SYMBOLS = YES;
				SWIFT_ACTIVE_COMPILATION_CONDITIONS = DEBUG;
				SWIFT_OPTIMIZATION_LEVEL = "-Onone";
			};
			name = Debug;
		};
		96E6E1A92BA218AA00D0C0F1 /* Release */ = {
			isa = XCBuildConfiguration;
			buildSettings = {
				ALWAYS_SEARCH_USER_PATHS = NO;
				CLANG_ANALYZER_NONNULL = YES;
				CLANG_ANALYZER_NUMBER_OBJECT_CONVERSION = YES_AGGRESSIVE;
				CLANG_CXX_LANGUAGE_STANDARD = "gnu++17";
				CLANG_ENABLE_MODULES = YES;
				CLANG_ENABLE_OBJC_ARC = YES;
				CLANG_ENABLE_OBJC_WEAK = YES;
				CLANG_WARN_BLOCK_CAPTURE_AUTORELEASING = YES;
				CLANG_WARN_BOOL_CONVERSION = YES;
				CLANG_WARN_COMMA = YES;
				CLANG_WARN_CONSTANT_CONVERSION = YES;
				CLANG_WARN_DEPRECATED_OBJC_IMPLEMENTATIONS = YES;
				CLANG_WARN_DOCUMENTATION_COMMENTS = YES;
				CLANG_WARN_EMPTY_BODY = YES;
				CLANG_WARN_ENUM_CONVERSION = YES;
				CLANG_WARN_INFINITE_RECURSION = YES;
				CLANG_WARN_INT_CONVERSION = YES;
				CLANG_WARN_NON_LITERAL_NULL_CONVERSION = YES;
				CLANG_WARN_OBJC_IMPLICIT_RETAIN_SELF = YES;
				CLANG_WARN_OBJC_LITERAL_CONVERSION = YES;
				CLANG_WARN_QUOTED_INCLUDE_IN_FRAMEWORK_HEADER = YES;
				CLANG_WARN_RANGE_LOOP_ANALYSIS = YES;
				CLANG_WARN_STRICT_PROTOTYPES = YES;
				CLANG_WARN_SUSPICIOUS_MOVE = YES;
				CLANG_WARN_UNREACHABLE_CODE = YES;
				CLANG_WARN__DUPLICATE_METHOD_MATCH = YES;
				COPY_PHASE_STRIP = NO;
				DEBUG_INFORMATION_FORMAT = dwarf;
				DEVELOPMENT_TEAM = W6VZKYAWJP;
				ENABLE_NS_ASSERTIONS = NO;
				ENABLE_STRICT_OBJC_MSGSEND = YES;
				ENABLE_USER_SCRIPT_SANDBOXING = YES;
				GCC_C_LANGUAGE_STANDARD = gnu11;
				GCC_NO_COMMON_BLOCKS = YES;
				GCC_WARN_64_TO_32_BIT_CONVERSION = YES;
				GCC_WARN_ABOUT_RETURN_TYPE = YES_ERROR;
				GCC_WARN_UNDECLARED_SELECTOR = YES;
				GCC_WARN_UNINITIALIZED_AUTOS = YES_AGGRESSIVE;
				GCC_WARN_UNUSED_FUNCTION = YES;
				GCC_WARN_UNUSED_VARIABLE = YES;
				IPHONEOS_DEPLOYMENT_TARGET = 18.1;
				MTL_ENABLE_DEBUG_INFO = NO;
				MTL_FAST_MATH = YES;
				SDKROOT = iphoneos;
				STRING_CATALOG_GENERATE_SYMBOLS = YES;
				SWIFT_COMPILATION_MODE = wholemodule;
				SWIFT_OPTIMIZATION_LEVEL = "-O";
			};
			name = Release;
		};
		96E6E1AA2BA218AA00D0C0F1 /* Debug */ = {
			isa = XCBuildConfiguration;
			buildSettings = {
				ASSETCATALOG_COMPILER_APPICON_NAME = AppIcon;
				CODE_SIGN_STYLE = Automatic;
				INFOPLIST_FILE = App/Info.plist;
				IPHONEOS_DEPLOYMENT_TARGET = 18.1;
				LD_RUNPATH_SEARCH_PATHS = (
					"$(inherited)",
					"@executable_path/Frameworks",
				);
				PRODUCT_BUNDLE_IDENTIFIER = com.tourapp.llm;
				PRODUCT_NAME = "$(TARGET_NAME)";
				SWIFT_EMIT_LOC_STRINGS = YES;
				SWIFT_STRICT_CONCURRENCY = complete;
				SWIFT_VERSION = 5.10;
				TARGETED_DEVICE_FAMILY = "1,2";
			};
			name = Debug;
		};
		96E6E1AB2BA218AA00D0C0F1 /* Release */ = {
			isa = XCBuildConfiguration;
			buildSettings = {
				ASSETCATALOG_COMPILER_APPICON_NAME = AppIcon;
				CODE_SIGN_STYLE = Automatic;
				INFOPLIST_FILE = App/Info.plist;
				IPHONEOS_DEPLOYMENT_TARGET = 18.1;
				LD_RUNPATH_SEARCH_PATHS = (
					"$(inherited)",
					"@executable_path/Frameworks",
				);
				PRODUCT_BUNDLE_IDENTIFIER = com.tourapp.llm;
				PRODUCT_NAME = "$(TARGET_NAME)";
				SWIFT_EMIT_LOC_STRINGS = YES;
				SWIFT_STRICT_CONCURRENCY = complete;
				SWIFT_VERSION = 5.10;
				TARGETED_DEVICE_FAMILY = "1,2";
			};
			name = Release;
		};
/* End XCBuildConfiguration section */

/* Begin XCConfigurationList section */
		96E6E1AC2BA218AA00D0C0F1 /* Build configuration list for PBXProject "TourAppLLM" */ = {
			isa = XCConfigurationList;
			buildConfigurations = (
				96E6E1A82BA218AA00D0C0F1 /* Debug */,
				96E6E1A92BA218AA00D0C0F1 /* Release */,
			);
			defaultConfigurationIsVisible = 0;
			defaultConfigurationName = Release;
		};
		96E6E1AD2BA218AA00D0C0F1 /* Build configuration list for PBXNativeTarget "TourAppLLM" */ = {
			isa = XCConfigurationList;
			buildConfigurations = (
				96E6E1AA2BA218AA00D0C0F1 /* Debug */,
				96E6E1AB2BA218AA00D0C0F1 /* Release */,
			);
			defaultConfigurationIsVisible = 0;
			defaultConfigurationName = Release;
		};
/* End XCConfigurationList section */
	};
	rootObject = 96E6E1882BA218AA00D0C0F1 /* Project object */;
}
